<?xml version="1.0" encoding="utf-8"?>
<Project ToolsVersion="4.0" xmlns="http://schemas.microsoft.com/developer/msbuild/2003">
  <ItemGroup>
    <Filter Include="Scripts">
      <UniqueIdentifier>{3AB0D491-A45E-4D15-B180-C3D39A426E04}</UniqueIdentifier>
    </Filter>
    <Filter Include="Scripts\Editor">
      <UniqueIdentifier>{39BDE1F1-FBB0-42B7-ABD1-F24C7E6231F8}</UniqueIdentifier>
    </Filter>
    <Filter Include="Scripts\Instance">
      <UniqueIdentifier>{83942AA7-2421-48BC-A685-222ACCF626C8}</UniqueIdentifier>
    </Filter>
    <Filter Include="Scripts\Instance\FollowCamera">
      <UniqueIdentifier>{84ECBE47-1754-4D45-AC2C-63BD666CFE9F}</UniqueIdentifier>
    </Filter>
    <Filter Include="Scripts\Instance\Player">
      <UniqueIdentifier>{7D0AC4BF-9440-4EC9-AFD6-9F403FF5BF14}</UniqueIdentifier>
    </Filter>
    <Filter Include="Scripts\Manager">
      <UniqueIdentifier>{5EA91638-4733-434C-BB2C-61982D3829C4}</UniqueIdentifier>
    </Filter>
    <Filter Include="Scripts\MapChip">
      <UniqueIdentifier>{EC984178-4750-40E5-809F-A969D9C94A7D}</UniqueIdentifier>
    </Filter>
    <Filter Include="Scripts\Scene">
      <UniqueIdentifier>{232181E0-93A4-40BD-8763-D17E26B6F9A9}</UniqueIdentifier>
    </Filter>
    <Filter Include="Scripts\ScriptMapTest">
      <UniqueIdentifier>{39F405ED-4FD1-41BB-BAC5-5E7452E00E5A}</UniqueIdentifier>
    </Filter>
    <Filter Include="Scripts\ScriptStageEditor">
      <UniqueIdentifier>{D45DF7E8-6D8E-480D-98C0-308377A9584F}</UniqueIdentifier>
    </Filter>
  </ItemGroup>
  <ItemGroup>
    <ClCompile Include="Scripts\Instance\FollowCamera\FollowCamera.cpp">
      <Filter>Scripts\Instance\FollowCamera</Filter>
    </ClCompile>
    <ClCompile Include="Scripts\Instance\Player\Player.cpp">
      <Filter>Scripts\Instance\Player</Filter>
    </ClCompile>
    <ClCompile Include="Scripts\Instance\Player\PlayerInput.cpp">
      <Filter>Scripts\Instance\Player</Filter>
    </ClCompile>
    <ClCompile Include="Scripts\Instance\Player\PlayerKeyInput.cpp">
      <Filter>Scripts\Instance\Player</Filter>
    </ClCompile>
    <ClCompile Include="Scripts\Instance\Player\PlayerMovement.cpp">
      <Filter>Scripts\Instance\Player</Filter>
    </ClCompile>
    <ClCompile Include="Scripts\Instance\Player\PlayerPadInput.cpp">
      <Filter>Scripts\Instance\Player</Filter>
    </ClCompile>
    <ClCompile Include="Scripts\Instance\Player\PlayerState.cpp">
      <Filter>Scripts\Instance\Player</Filter>
    </ClCompile>
    <ClCompile Include="Scripts\Instance\Player\PlayerStateManager.cpp">
      <Filter>Scripts\Instance\Player</Filter>
    </ClCompile>
    <ClCompile Include="Scripts\MapChip\BlockMovementJudge.cpp">
      <Filter>Scripts\MapChip</Filter>
    </ClCompile>
    <ClCompile Include="Scripts\main.cpp">
      <Filter>Scripts</Filter>
    </ClCompile>
    <ClCompile Include="Scripts\Scene\FactoryGJ26.cpp">
      <Filter>Scripts\Scene</Filter>
    </ClCompile>
    <ClCompile Include="Scripts\GJ26.cpp">
      <Filter>Scripts</Filter>
    </ClCompile>
    <ClCompile Include="Scripts\MapChip\MapChipField.cpp">
      <Filter>Scripts\MapChip</Filter>
    </ClCompile>
    <ClCompile Include="Scripts\Scene\MapTestScene.cpp">
      <Filter>Scripts\Scene</Filter>
    </ClCompile>
    <ClCompile Include="Scripts\ScriptMapTest\MapTestScript.cpp">
      <Filter>Scripts\ScriptMapTest</Filter>
    </ClCompile>
    <ClCompile Include="Scripts\Manager\GoalManager.cpp">
      <Filter>Scripts\Manager</Filter>
    </ClCompile>
    <ClCompile Include="Scripts\Editor\StageEditorDocument.cpp">
      <Filter>Scripts\Editor</Filter>
    </ClCompile>
    <ClCompile Include="Scripts\Editor\StageEditorWindow.cpp">
      <Filter>Scripts\Editor</Filter>
    </ClCompile>
    <ClCompile Include="Scripts\Scene\StageEditorScene.cpp">
      <Filter>Scripts\Scene</Filter>
    </ClCompile>
    <ClCompile Include="Scripts\ScriptStageEditor\StageEditorCameraScript.cpp">
      <Filter>Scripts\ScriptStageEditor</Filter>
    </ClCompile>
    <ClCompile Include="Scripts\ScriptStageEditor\StageEditorScript.cpp">
      <Filter>Scripts\ScriptStageEditor</Filter>
    </ClCompile>
    <ClCompile Include="Scripts\Scene\PlayerDevScene.cpp">
      <Filter>Scripts\Scene</Filter>
    </ClCompile>
    <ClCompile Include="Scripts\ScriptStageEditor\AxisController.cpp">
      <Filter>Scripts\Editor</Filter>
    </ClCompile>
  </ItemGroup>
  <ItemGroup>
    <ClInclude Include="Scripts\Instance\FollowCamera\FollowCamera.h">
      <Filter>Scripts\Instance\FollowCamera</Filter>
    </ClInclude>
    <ClInclude Include="Scripts\InputMapper.h">
      <Filter>Scripts</Filter>
    </ClInclude>
    <ClInclude Include="Scripts\Instance\Player\PlayerContext.h">
      <Filter>Scripts\Instance\Player</Filter>
    </ClInclude>
    <ClInclude Include="Scripts\Instance\Player\Player.h">
      <Filter>Scripts\Instance\Player</Filter>
    </ClInclude>
    <ClInclude Include="Scripts\Instance\Player\PlayerInput.h">
      <Filter>Scripts\Instance\Player</Filter>
    </ClInclude>
    <ClInclude Include="Scripts\Instance\Player\PlayerInputFrame.h">
      <Filter>Scripts\Instance\Player</Filter>
    </ClInclude>
    <ClInclude Include="Scripts\Instance\Player\PlayerKeyInput.h">
      <Filter>Scripts\Instance\Player</Filter>
    </ClInclude>
    <ClInclude Include="Scripts\Instance\Player\PlayerMovement.h">
      <Filter>Scripts\Instance\Player</Filter>
    </ClInclude>
    <ClInclude Include="Scripts\Instance\Player\PlayerPadInput.h">
      <Filter>Scripts\Instance\Player</Filter>
    </ClInclude>
    <ClInclude Include="Scripts\Instance\Player\PlayerState.h">
      <Filter>Scripts\Instance\Player</Filter>
    </ClInclude>
    <ClInclude Include="Scripts\Instance\Player\PlayerStateManager.h">
      <Filter>Scripts\Instance\Player</Filter>
    </ClInclude>
    <ClInclude Include="Scripts\MapChip\BlockMovementJudge.h">
      <Filter>Scripts\MapChip</Filter>
    </ClInclude>
    <ClInclude Include="Scripts\Scene\FactoryGJ26.h">
      <Filter>Scripts\Scene</Filter>
    </ClInclude>
    <ClInclude Include="Scripts\GJ26.h">
      <Filter>Scripts</Filter>
    </ClInclude>
    <ClInclude Include="Scripts\MapChip\MapChipField.h">
      <Filter>Scripts\MapChip</Filter>
    </ClInclude>
    <ClInclude Include="Scripts\Scene\MapTestScene.h">
      <Filter>Scripts\Scene</Filter>
    </ClInclude>
    <ClInclude Include="Scripts\ScriptMapTest\MapTestScript.h">
      <Filter>Scripts\ScriptMapTest</Filter>
    </ClInclude>
    <ClInclude Include="Scripts\Manager\GoalManager.h">
      <Filter>Scripts\Manager</Filter>
    </ClInclude>
    <ClInclude Include="Scripts\Editor\StageEditorDocument.h">
      <Filter>Scripts\Editor</Filter>
    </ClInclude>
    <ClInclude Include="Scripts\Editor\StageEditorWindow.h">
      <Filter>Scripts\Editor</Filter>
    </ClInclude>
    <ClInclude Include="Scripts\Scene\StageEditorScene.h">
      <Filter>Scripts\Scene</Filter>
    </ClInclude>
    <ClInclude Include="Scripts\ScriptStageEditor\StageEditorCameraScript.h">
      <Filter>Scripts\ScriptStageEditor</Filter>
    </ClInclude>
    <ClInclude Include="Scripts\ScriptStageEditor\StageEditorScript.h">
      <Filter>Scripts\ScriptStageEditor</Filter>
    </ClInclude>
    <ClInclude Include="Scripts\Scene\PlayerDevScene.h">
      <Filter>Scripts\Scene</Filter>
    </ClInclude>
    <ClInclude Include="Scripts\ScriptStageEditor\AxisController.h">
      <Filter>Scripts\Editor</Filter>
    </ClInclude>
  </ItemGroup>
</Project>